
Microsoft Visual Studio Solution File, Format Version 12.00
# Visual Studio 2012
Project("{8BC9CEB8-8B4A-11D0-8D11-00A0C91BC942}") = "LENS_WinAPI", "LENS_WinAPI\LENS_WinAPI.vcxproj", "{CD346B47-010D-4C38-8718-F88419BAD20F}"
EndProject
Global
	GlobalSection(SolutionConfigurationPlatforms) = preSolution
		Debug|Win32 = Debug|Win32
		Release|Win32 = Release|Win32
	EndGlobalSection
	GlobalSection(ProjectConfigurationPlatforms) = postSolution
		{CD346B47-010D-4C38-8718-F88419BAD20F}.Debug|Win32.ActiveCfg = Debug|Win32
		{CD346B47-010D-4C38-8718-F88419BAD20F}.Debug|Win32.Build.0 = Debug|Win32
		{CD346B47-010D-4C38-8718-F88419BAD20F}.Release|Win32.ActiveCfg = Release|Win32
		{CD346B47-010D-4C38-8718-F88419BAD20F}.Release|Win32.Build.0 = Release|Win32
	EndGlobalSection
	GlobalSection(SolutionProperties) = preSolution
		HideSolutionNode = FALSE
	EndGlobalSection
EndGlobal
